
Microsoft Visual Studio Solution File, Format Version 12.00
# Visual Studio Version 17
VisualStudioVersion = 17.13.35931.197 d17.13
MinimumVisualStudioVersion = 10.0.40219.1
Project("{FAE04EC0-301F-11D3-BF4B-00C04F79EFBC}") = "MayorovES", "MayorovES\MayorovES.csproj", "{E2EA0B1C-0746-41F7-A18F-AF1810127111}"
EndProject
Global
	GlobalSection(SolutionConfigurationPlatforms) = preSolution
		Debug|Any CPU = Debug|Any CPU
		Release|Any CPU = Release|Any CPU
	EndGlobalSection
	GlobalSection(ProjectConfigurationPlatforms) = postSolution
		{E2EA0B1C-0746-41F7-A18F-AF1810127111}.Debug|Any CPU.ActiveCfg = Debug|Any CPU
		{E2EA0B1C-0746-41F7-A18F-AF1810127111}.Debug|Any CPU.Build.0 = Debug|Any CPU
		{E2EA0B1C-0746-41F7-A18F-AF1810127111}.Release|Any CPU.ActiveCfg = Release|Any CPU
		{E2EA0B1C-0746-41F7-A18F-AF1810127111}.Release|Any CPU.Build.0 = Release|Any CPU
	EndGlobalSection
	GlobalSection(SolutionProperties) = preSolution
		HideSolutionNode = FALSE
	EndGlobalSection
	GlobalSection(ExtensibilityGlobals) = postSolution
		SolutionGuid = {F945693B-64BB-40C3-A38F-A0E777B5A456}
	EndGlobalSection
EndGlobal
